// !$*UTF8*$!
{
	archiveVersion = 1;
	classes = {
	};
	objectVersion = 55;
	objects = {

/* Begin PBXBuildFile section */
		7F011F0528B32B3F000E13C4 /* WeatherModel2.swift in Sources */ = {isa = PBXBuildFile; fileRef = 7F011F0428B32B3F000E13C4 /* WeatherModel2.swift */; };
		7F011F0728B32BA5000E13C4 /* ClothViewG.swift in Sources */ = {isa = PBXBuildFile; fileRef = 7F011F0628B32BA5000E13C4 /* ClothViewG.swift */; };
		7F3E3E8A28B108E700F9CB26 /* WeatherModel1.swift in Sources */ = {isa = PBXBuildFile; fileRef = 7F3E3E8928B108E700F9CB26 /* WeatherModel1.swift */; };
		7F5791402A23910400629BC0 /* WeatherInfo.plist in Resources */ = {isa = PBXBuildFile; fileRef = 7F57913F2A23910400629BC0 /* WeatherInfo.plist */; };
		7F5791472A239CA900629BC0 /* WEATHER++Bundle.swift in Sources */ = {isa = PBXBuildFile; fileRef = 7F5791462A239CA900629BC0 /* WEATHER++Bundle.swift */; };
		7F934C6128A2ADCC0020DEB6 /* Weather_AppApp.swift in Sources */ = {isa = PBXBuildFile; fileRef = 7F934C6028A2ADCC0020DEB6 /* Weather_AppApp.swift */; };
		7F934C6328A2ADCC0020DEB6 /* ContentView.swift in Sources */ = {isa = PBXBuildFile; fileRef = 7F934C6228A2ADCC0020DEB6 /* ContentView.swift */; };
		7F934C6528A2ADD40020DEB6 /* Assets.xcassets in Resources */ = {isa = PBXBuildFile; fileRef = 7F934C6428A2ADD40020DEB6 /* Assets.xcassets */; };
		7F934C6828A2ADD40020DEB6 /* Preview Assets.xcassets in Resources */ = {isa = PBXBuildFile; fileRef = 7F934C6728A2ADD40020DEB6 /* Preview Assets.xcassets */; };
		7F934C6F28A2AE0E0020DEB6 /* WeatherModel.swift in Sources */ = {isa = PBXBuildFile; fileRef = 7F934C6E28A2AE0E0020DEB6 /* WeatherModel.swift */; };
		7F934C7328A2AEDC0020DEB6 /* WeatherData.swift in Sources */ = {isa = PBXBuildFile; fileRef = 7F934C7228A2AEDC0020DEB6 /* WeatherData.swift */; };
		7F9DA4A828A7877C0032003E /* ClothView.swift in Sources */ = {isa = PBXBuildFile; fileRef = 7F9DA4A728A7877C0032003E /* ClothView.swift */; };
/* End PBXBuildFile section */

/* Begin PBXFileReference section */
		7F011F0428B32B3F000E13C4 /* WeatherModel2.swift */ = {isa = PBXFileReference; lastKnownFileType = sourcecode.swift; path = WeatherModel2.swift; sourceTree = "<group>"; };
		7F011F0628B32BA5000E13C4 /* ClothViewG.swift */ = {isa = PBXFileReference; lastKnownFileType = sourcecode.swift; path = ClothViewG.swift; sourceTree = "<group>"; };
		7F3E3E8928B108E700F9CB26 /* WeatherModel1.swift */ = {isa = PBXFileReference; lastKnownFileType = sourcecode.swift; path = WeatherModel1.swift; sourceTree = "<group>"; };
		7F57913F2A23910400629BC0 /* WeatherInfo.plist */ = {isa = PBXFileReference; lastKnownFileType = text.plist.xml; path = WeatherInfo.plist; sourceTree = "<group>"; };
		7F5791462A239CA900629BC0 /* WEATHER++Bundle.swift */ = {isa = PBXFileReference; lastKnownFileType = sourcecode.swift; path = "WEATHER++Bundle.swift"; sourceTree = "<group>"; };
		7F934C5D28A2ADCC0020DEB6 /* Weather App.app */ = {isa = PBXFileReference; explicitFileType = wrapper.application; includeInIndex = 0; path = "Weather App.app"; sourceTree = BUILT_PRODUCTS_DIR; };
		7F934C6028A2ADCC0020DEB6 /* Weather_AppApp.swift */ = {isa = PBXFileReference; lastKnownFileType = sourcecode.swift; path = Weather_AppApp.swift; sourceTree = "<group>"; };
		7F934C6228A2ADCC0020DEB6 /* ContentView.swift */ = {isa = PBXFileReference; lastKnownFileType = sourcecode.swift; path = ContentView.swift; sourceTree = "<group>"; };
		7F934C6428A2ADD40020DEB6 /* Assets.xcassets */ = {isa = PBXFileReference; lastKnownFileType = folder.assetcatalog; path = Assets.xcassets; sourceTree = "<group>"; };
		7F934C6728A2ADD40020DEB6 /* Preview Assets.xcassets */ = {isa = PBXFileReference; lastKnownFileType = folder.assetcatalog; path = "Preview Assets.xcassets"; sourceTree = "<group>"; };
		7F934C6E28A2AE0E0020DEB6 /* WeatherModel.swift */ = {isa = PBXFileReference; lastKnownFileType = sourcecode.swift; path = WeatherModel.swift; sourceTree = "<group>"; };
		7F934C7228A2AEDC0020DEB6 /* WeatherData.swift */ = {isa = PBXFileReference; lastKnownFileType = sourcecode.swift; path = WeatherData.swift; sourceTree = "<group>"; };
		7F9DA4A728A7877C0032003E /* ClothView.swift */ = {isa = PBXFileReference; lastKnownFileType = sourcecode.swift; path = ClothView.swift; sourceTree = "<group>"; };
/* End PBXFileReference section */

/* Begin PBXFrameworksBuildPhase section */
		7F934C5A28A2ADCC0020DEB6 /* Frameworks */ = {
			isa = PBXFrameworksBuildPhase;
			buildActionMask = 2147483647;
			files = (
			);
			runOnlyForDeploymentPostprocessing = 0;
		};
/* End PBXFrameworksBuildPhase section */

/* Begin PBXGroup section */
		7F934C5428A2ADCC0020DEB6 = {
			isa = PBXGroup;
			children = (
				7F934C5F28A2ADCC0020DEB6 /* Weather App */,
				7F934C5E28A2ADCC0020DEB6 /* Products */,
			);
			sourceTree = "<group>";
		};
		7F934C5E28A2ADCC0020DEB6 /* Products */ = {
			isa = PBXGroup;
			children = (
				7F934C5D28A2ADCC0020DEB6 /* Weather App.app */,
			);
			name = Products;
			sourceTree = "<group>";
		};
		7F934C5F28A2ADCC0020DEB6 /* Weather App */ = {
			isa = PBXGroup;
			children = (
				7F57913F2A23910400629BC0 /* WeatherInfo.plist */,
				7F934C6028A2ADCC0020DEB6 /* Weather_AppApp.swift */,
				7F934C6228A2ADCC0020DEB6 /* ContentView.swift */,
				7F9DA4A728A7877C0032003E /* ClothView.swift */,
				7F011F0628B32BA5000E13C4 /* ClothViewG.swift */,
				7F5791462A239CA900629BC0 /* WEATHER++Bundle.swift */,
				7F934C6E28A2AE0E0020DEB6 /* WeatherModel.swift */,
				7F3E3E8928B108E700F9CB26 /* WeatherModel1.swift */,
				7F011F0428B32B3F000E13C4 /* WeatherModel2.swift */,
				7F934C7228A2AEDC0020DEB6 /* WeatherData.swift */,
				7F934C6428A2ADD40020DEB6 /* Assets.xcassets */,
				7F934C6628A2ADD40020DEB6 /* Preview Content */,
			);
			path = "Weather App";
			sourceTree = "<group>";
		};
		7F934C6628A2ADD40020DEB6 /* Preview Content */ = {
			isa = PBXGroup;
			children = (
				7F934C6728A2ADD40020DEB6 /* Preview Assets.xcassets */,
			);
			path = "Preview Content";
			sourceTree = "<group>";
		};
/* End PBXGroup section */

/* Begin PBXNativeTarget section */
		7F934C5C28A2ADCC0020DEB6 /* Weather App */ = {
			isa = PBXNativeTarget;
			buildConfigurationList = 7F934C6B28A2ADD40020DEB6 /* Build configuration list for PBXNativeTarget "Weather App" */;
			buildPhases = (
				7F934C5928A2ADCC0020DEB6 /* Sources */,
				7F934C5A28A2ADCC0020DEB6 /* Frameworks */,
				7F934C5B28A2ADCC0020DEB6 /* Resources */,
			);
			buildRules = (
			);
			dependencies = (
			);
			name = "Weather App";
			productName = "Weather App";
			productReference = 7F934C5D28A2ADCC0020DEB6 /* Weather App.app */;
			productType = "com.apple.product-type.application";
		};
/* End PBXNativeTarget section */

/* Begin PBXProject section */
		7F934C5528A2ADCC0020DEB6 /* Project object */ = {
			isa = PBXProject;
			attributes = {
				BuildIndependentTargetsInParallel = 1;
				LastSwiftUpdateCheck = 1330;
				LastUpgradeCheck = 1330;
				TargetAttributes = {
					7F934C5C28A2ADCC0020DEB6 = {
						CreatedOnToolsVersion = 13.3;
					};
				};
			};
			buildConfigurationList = 7F934C5828A2ADCC0020DEB6 /* Build configuration list for PBXProject "Weather App" */;
			compatibilityVersion = "Xcode 13.0";
			developmentRegion = en;
			hasScannedForEncodings = 0;
			knownRegions = (
				en,
				Base,
			);
			mainGroup = 7F934C5428A2ADCC0020DEB6;
			productRefGroup = 7F934C5E28A2ADCC0020DEB6 /* Products */;
			projectDirPath = "";
			projectRoot = "";
			targets = (
				7F934C5C28A2ADCC0020DEB6 /* Weather App */,
			);
		};
/* End PBXProject section */

/* Begin PBXResourcesBuildPhase section */
		7F934C5B28A2ADCC0020DEB6 /* Resources */ = {
			isa = PBXResourcesBuildPhase;
			buildActionMask = 2147483647;
			files = (
				7F934C6828A2ADD40020DEB6 /* Preview Assets.xcassets in Resources */,
				7F934C6528A2ADD40020DEB6 /* Assets.xcassets in Resources */,
				7F5791402A23910400629BC0 /* WeatherInfo.plist in Resources */,
			);
			runOnlyForDeploymentPostprocessing = 0;
		};
/* End PBXResourcesBuildPhase section */

/* Begin PBXSourcesBuildPhase section */
		7F934C5928A2ADCC0020DEB6 /* Sources */ = {
			isa = PBXSourcesBuildPhase;
			buildActionMask = 2147483647;
			files = (
				7F934C6328A2ADCC0020DEB6 /* ContentView.swift in Sources */,
				7F011F0528B32B3F000E13C4 /* WeatherModel2.swift in Sources */,
				7F9DA4A828A7877C0032003E /* ClothView.swift in Sources */,
				7F3E3E8A28B108E700F9CB26 /* WeatherModel1.swift in Sources */,
				7F934C7328A2AEDC0020DEB6 /* WeatherData.swift in Sources */,
				7F934C6F28A2AE0E0020DEB6 /* WeatherModel.swift in Sources */,
				7F934C6128A2ADCC0020DEB6 /* Weather_AppApp.swift in Sources */,
				7F011F0728B32BA5000E13C4 /* ClothViewG.swift in Sources */,
				7F5791472A239CA900629BC0 /* WEATHER++Bundle.swift in Sources */,
			);
			runOnlyForDeploymentPostprocessing = 0;
		};
/* End PBXSourcesBuildPhase section */

/* Begin XCBuildConfiguration section */
		7F934C6928A2ADD40020DEB6 /* Debug */ = {
			isa = XCBuildConfiguration;
			buildSettings = {
				ALWAYS_SEARCH_USER_PATHS = NO;
				CLANG_ANALYZER_NONNULL = YES;
				CLANG_ANALYZER_NUMBER_OBJECT_CONVERSION = YES_AGGRESSIVE;
				CLANG_CXX_LANGUAGE_STANDARD = "gnu++17";
				CLANG_ENABLE_MODULES = YES;
				CLANG_ENABLE_OBJC_ARC = YES;
				CLANG_ENABLE_OBJC_WEAK = YES;
				CLANG_WARN_BLOCK_CAPTURE_AUTORELEASING = YES;
				CLANG_WARN_BOOL_CONVERSION = YES;
				CLANG_WARN_COMMA = YES;
				CLANG_WARN_CONSTANT_CONVERSION = YES;
				CLANG_WARN_DEPRECATED_OBJC_IMPLEMENTATIONS = YES;
				CLANG_WARN_DIRECT_OBJC_ISA_USAGE = YES_ERROR;
				CLANG_WARN_DOCUMENTATION_COMMENTS = YES;
				CLANG_WARN_EMPTY_BODY = YES;
				CLANG_WARN_ENUM_CONVERSION = YES;
				CLANG_WARN_INFINITE_RECURSION = YES;
				CLANG_WARN_INT_CONVERSION = YES;
				CLANG_WARN_NON_LITERAL_NULL_CONVERSION = YES;
				CLANG_WARN_OBJC_IMPLICIT_RETAIN_SELF = YES;
				CLANG_WARN_OBJC_LITERAL_CONVERSION = YES;
				CLANG_WARN_OBJC_ROOT_CLASS = YES_ERROR;
				CLANG_WARN_QUOTED_INCLUDE_IN_FRAMEWORK_HEADER = YES;
				CLANG_WARN_RANGE_LOOP_ANALYSIS = YES;
				CLANG_WARN_STRICT_PROTOTYPES = YES;
				CLANG_WARN_SUSPICIOUS_MOVE = YES;
				CLANG_WARN_UNGUARDED_AVAILABILITY = YES_AGGRESSIVE;
				CLANG_WARN_UNREACHABLE_CODE = YES;
				CLANG_WARN__DUPLICATE_METHOD_MATCH = YES;
				COPY_PHASE_STRIP = NO;
				DEBUG_INFORMATION_FORMAT = dwarf;
				ENABLE_STRICT_OBJC_MSGSEND = YES;
				ENABLE_TESTABILITY = YES;
				GCC_C_LANGUAGE_STANDARD = gnu11;
				GCC_DYNAMIC_NO_PIC = NO;
				GCC_NO_COMMON_BLOCKS = YES;
				GCC_OPTIMIZATION_LEVEL = 0;
				GCC_PREPROCESSOR_DEFINITIONS = (
					"DEBUG=1",
					"$(inherited)",
				);
				GCC_WARN_64_TO_32_BIT_CONVERSION = YES;
				GCC_WARN_ABOUT_RETURN_TYPE = YES_ERROR;
				GCC_WARN_UNDECLARED_SELECTOR = YES;
				GCC_WARN_UNINITIALIZED_AUTOS = YES_AGGRESSIVE;
				GCC_WARN_UNUSED_FUNCTION = YES;
				GCC_WARN_UNUSED_VARIABLE = YES;
				IPHONEOS_DEPLOYMENT_TARGET = 15.4;
				MTL_ENABLE_DEBUG_INFO = INCLUDE_SOURCE;
				MTL_FAST_MATH = YES;
				ONLY_ACTIVE_ARCH = YES;
				SDKROOT = iphoneos;
				SWIFT_ACTIVE_COMPILATION_CONDITIONS = DEBUG;
				SWIFT_OPTIMIZATION_LEVEL = "-Onone";
			};
			name = Debug;
		};
		7F934C6A28A2ADD40020DEB6 /* Release */ = {
			isa = XCBuildConfiguration;
			buildSettings = {
				ALWAYS_SEARCH_USER_PATHS = NO;
				CLANG_ANALYZER_NONNULL = YES;
				CLANG_ANALYZER_NUMBER_OBJECT_CONVERSION = YES_AGGRESSIVE;
				CLANG_CXX_LANGUAGE_STANDARD = "gnu++17";
				CLANG_ENABLE_MODULES = YES;
				CLANG_ENABLE_OBJC_ARC = YES;
				CLANG_ENABLE_OBJC_WEAK = YES;
				CLANG_WARN_BLOCK_CAPTURE_AUTORELEASING = YES;
				CLANG_WARN_BOOL_CONVERSION = YES;
				CLANG_WARN_COMMA = YES;
				CLANG_WARN_CONSTANT_CONVERSION = YES;
				CLANG_WARN_DEPRECATED_OBJC_IMPLEMENTATIONS = YES;
				CLANG_WARN_DIRECT_OBJC_ISA_USAGE = YES_ERROR;
				CLANG_WARN_DOCUMENTATION_COMMENTS = YES;
				CLANG_WARN_EMPTY_BODY = YES;
				CLANG_WARN_ENUM_CONVERSION = YES;
				CLANG_WARN_INFINITE_RECURSION = YES;
				CLANG_WARN_INT_CONVERSION = YES;
				CLANG_WARN_NON_LITERAL_NULL_CONVERSION = YES;
				CLANG_WARN_OBJC_IMPLICIT_RETAIN_SELF = YES;
				CLANG_WARN_OBJC_LITERAL_CONVERSION = YES;
				CLANG_WARN_OBJC_ROOT_CLASS = YES_ERROR;
				CLANG_WARN_QUOTED_INCLUDE_IN_FRAMEWORK_HEADER = YES;
				CLANG_WARN_RANGE_LOOP_ANALYSIS = YES;
				CLANG_WARN_STRICT_PROTOTYPES = YES;
				CLANG_WARN_SUSPICIOUS_MOVE = YES;
				CLANG_WARN_UNGUARDED_AVAILABILITY = YES_AGGRESSIVE;
				CLANG_WARN_UNREACHABLE_CODE = YES;
				CLANG_WARN__DUPLICATE_METHOD_MATCH = YES;
				COPY_PHASE_STRIP = NO;
				DEBUG_INFORMATION_FORMAT = "dwarf-with-dsym";
				ENABLE_NS_ASSERTIONS = NO;
				ENABLE_STRICT_OBJC_MSGSEND = YES;
				GCC_C_LANGUAGE_STANDARD = gnu11;
				GCC_NO_COMMON_BLOCKS = YES;
				GCC_WARN_64_TO_32_BIT_CONVERSION = YES;
				GCC_WARN_ABOUT_RETURN_TYPE = YES_ERROR;
				GCC_WARN_UNDECLARED_SELECTOR = YES;
				GCC_WARN_UNINITIALIZED_AUTOS = YES_AGGRESSIVE;
				GCC_WARN_UNUSED_FUNCTION = YES;
				GCC_WARN_UNUSED_VARIABLE = YES;
				IPHONEOS_DEPLOYMENT_TARGET = 15.4;
				MTL_ENABLE_DEBUG_INFO = NO;
				MTL_FAST_MATH = YES;
				SDKROOT = iphoneos;
				SWIFT_COMPILATION_MODE = wholemodule;
				SWIFT_OPTIMIZATION_LEVEL = "-O";
				VALIDATE_PRODUCT = YES;
			};
			name = Release;
		};
		7F934C6C28A2ADD40020DEB6 /* Debug */ = {
			isa = XCBuildConfiguration;
			buildSettings = {
				ASSETCATALOG_COMPILER_APPICON_NAME = AppIcon;
				ASSETCATALOG_COMPILER_GLOBAL_ACCENT_COLOR_NAME = AccentColor;
				CODE_SIGN_STYLE = Automatic;
				CURRENT_PROJECT_VERSION = 1;
				DEVELOPMENT_ASSET_PATHS = "\"Weather App/Preview Content\"";
				ENABLE_PREVIEWS = YES;
				GENERATE_INFOPLIST_FILE = YES;
				INFOPLIST_KEY_UIApplicationSceneManifest_Generation = YES;
				INFOPLIST_KEY_UIApplicationSupportsIndirectInputEvents = YES;
				INFOPLIST_KEY_UILaunchScreen_Generation = YES;
				INFOPLIST_KEY_UISupportedInterfaceOrientations_iPad = "UIInterfaceOrientationPortrait UIInterfaceOrientationPortraitUpsideDown UIInterfaceOrientationLandscapeLeft UIInterfaceOrientationLandscapeRight";
				INFOPLIST_KEY_UISupportedInterfaceOrientations_iPhone = "UIInterfaceOrientationPortrait UIInterfaceOrientationLandscapeLeft UIInterfaceOrientationLandscapeRight";
				LD_RUNPATH_SEARCH_PATHS = (
					"$(inherited)",
					"@executable_path/Frameworks",
				);
				MARKETING_VERSION = 1.0;
				PRODUCT_BUNDLE_IDENTIFIER = "-35.cm.jec.ac.jp.Weather-App";
				PRODUCT_NAME = "$(TARGET_NAME)";
				SWIFT_EMIT_LOC_STRINGS = YES;
				SWIFT_VERSION = 5.0;
				TARGETED_DEVICE_FAMILY = "1,2";
			};
			name = Debug;
		};
		7F934C6D28A2ADD40020DEB6 /* Release */ = {
			isa = XCBuildConfiguration;
			buildSettings = {
				ASSETCATALOG_COMPILER_APPICON_NAME = AppIcon;
				ASSETCATALOG_COMPILER_GLOBAL_ACCENT_COLOR_NAME = AccentColor;
				CODE_SIGN_STYLE = Automatic;
				CURRENT_PROJECT_VERSION = 1;
				DEVELOPMENT_ASSET_PATHS = "\"Weather App/Preview Content\"";
				ENABLE_PREVIEWS = YES;
				GENERATE_INFOPLIST_FILE = YES;
				INFOPLIST_KEY_UIApplicationSceneManifest_Generation = YES;
				INFOPLIST_KEY_UIApplicationSupportsIndirectInputEvents = YES;
				INFOPLIST_KEY_UILaunchScreen_Generation = YES;
				INFOPLIST_KEY_UISupportedInterfaceOrientations_iPad = "UIInterfaceOrientationPortrait UIInterfaceOrientationPortraitUpsideDown UIInterfaceOrientationLandscapeLeft UIInterfaceOrientationLandscapeRight";
				INFOPLIST_KEY_UISupportedInterfaceOrientations_iPhone = "UIInterfaceOrientationPortrait UIInterfaceOrientationLandscapeLeft UIInterfaceOrientationLandscapeRight";
				LD_RUNPATH_SEARCH_PATHS = (
					"$(inherited)",
					"@executable_path/Frameworks",
				);
				MARKETING_VERSION = 1.0;
				PRODUCT_BUNDLE_IDENTIFIER = "-35.cm.jec.ac.jp.Weather-App";
				PRODUCT_NAME = "$(TARGET_NAME)";
				SWIFT_EMIT_LOC_STRINGS = YES;
				SWIFT_VERSION = 5.0;
				TARGETED_DEVICE_FAMILY = "1,2";
			};
			name = Release;
		};
/* End XCBuildConfiguration section */

/* Begin XCConfigurationList section */
		7F934C5828A2ADCC0020DEB6 /* Build configuration list for PBXProject "Weather App" */ = {
			isa = XCConfigurationList;
			buildConfigurations = (
				7F934C6928A2ADD40020DEB6 /* Debug */,
				7F934C6A28A2ADD40020DEB6 /* Release */,
			);
			defaultConfigurationIsVisible = 0;
			defaultConfigurationName = Release;
		};
		7F934C6B28A2ADD40020DEB6 /* Build configuration list for PBXNativeTarget "Weather App" */ = {
			isa = XCConfigurationList;
			buildConfigurations = (
				7F934C6C28A2ADD40020DEB6 /* Debug */,
				7F934C6D28A2ADD40020DEB6 /* Release */,
			);
			defaultConfigurationIsVisible = 0;
			defaultConfigurationName = Release;
		};
/* End XCConfigurationList section */
	};
	rootObject = 7F934C5528A2ADCC0020DEB6 /* Project object */;
}
